
Microsoft Visual Studio Solution File, Format Version 12.00
# Visual Studio 14
VisualStudioVersion = 14.0.25123.0
MinimumVisualStudioVersion = 10.0.40219.1
Project("{FAE04EC0-301F-11D3-BF4B-00C04F79EFBC}") = "PhotoG.DAL", "PhotoG.DAL\PhotoG.DAL.csproj", "{AF40D28E-90BD-4DF3-8D1D-57D89BFE1363}"
EndProject
Project("{FAE04EC0-301F-11D3-BF4B-00C04F79EFBC}") = "PhotoG.BL", "PhotoG.BL\PhotoG.BL.csproj", "{F1B566E3-2ADF-453C-BB81-D01614004454}"
EndProject
Project("{FAE04EC0-301F-11D3-BF4B-00C04F79EFBC}") = "PhotoG.UI", "PhotoG.UI\PhotoG.UI.csproj", "{E80E9D70-856D-430D-AA8E-EC2E628FE7A9}"
EndProject
Project("{FAE04EC0-301F-11D3-BF4B-00C04F79EFBC}") = "PhotoG.Infrastructure", "PhotoG.Infrastructure\PhotoG.Infrastructure.csproj", "{724DE8D6-703F-4BBF-A597-420B71D31B36}"
EndProject
Global
	GlobalSection(SolutionConfigurationPlatforms) = preSolution
		Debug|Any CPU = Debug|Any CPU
		Release|Any CPU = Release|Any CPU
	EndGlobalSection
	GlobalSection(ProjectConfigurationPlatforms) = postSolution
		{AF40D28E-90BD-4DF3-8D1D-57D89BFE1363}.Debug|Any CPU.ActiveCfg = Debug|Any CPU
		{AF40D28E-90BD-4DF3-8D1D-57D89BFE1363}.Debug|Any CPU.Build.0 = Debug|Any CPU
		{AF40D28E-90BD-4DF3-8D1D-57D89BFE1363}.Release|Any CPU.ActiveCfg = Release|Any CPU
		{AF40D28E-90BD-4DF3-8D1D-57D89BFE1363}.Release|Any CPU.Build.0 = Release|Any CPU
		{F1B566E3-2ADF-453C-BB81-D01614004454}.Debug|Any CPU.ActiveCfg = Debug|Any CPU
		{F1B566E3-2ADF-453C-BB81-D01614004454}.Debug|Any CPU.Build.0 = Debug|Any CPU
		{F1B566E3-2ADF-453C-BB81-D01614004454}.Release|Any CPU.ActiveCfg = Release|Any CPU
		{F1B566E3-2ADF-453C-BB81-D01614004454}.Release|Any CPU.Build.0 = Release|Any CPU
		{E80E9D70-856D-430D-AA8E-EC2E628FE7A9}.Debug|Any CPU.ActiveCfg = Debug|Any CPU
		{E80E9D70-856D-430D-AA8E-EC2E628FE7A9}.Debug|Any CPU.Build.0 = Debug|Any CPU
		{E80E9D70-856D-430D-AA8E-EC2E628FE7A9}.Release|Any CPU.ActiveCfg = Release|Any CPU
		{E80E9D70-856D-430D-AA8E-EC2E628FE7A9}.Release|Any CPU.Build.0 = Release|Any CPU
		{724DE8D6-703F-4BBF-A597-420B71D31B36}.Debug|Any CPU.ActiveCfg = Debug|Any CPU
		{724DE8D6-703F-4BBF-A597-420B71D31B36}.Debug|Any CPU.Build.0 = Debug|Any CPU
		{724DE8D6-703F-4BBF-A597-420B71D31B36}.Release|Any CPU.ActiveCfg = Release|Any CPU
		{724DE8D6-703F-4BBF-A597-420B71D31B36}.Release|Any CPU.Build.0 = Release|Any CPU
	EndGlobalSection
	GlobalSection(SolutionProperties) = preSolution
		HideSolutionNode = FALSE
	EndGlobalSection
	GlobalSection(ExtensibilityGlobals) = postSolution
		EnterpriseLibraryConfigurationToolBinariesPath = packages\Unity.2.1.505.0\lib\NET35
	EndGlobalSection
EndGlobal
